
Microsoft Visual Studio Solution File, Format Version 12.00
# Visual Studio Version 16
VisualStudioVersion = 16.0.31729.503
MinimumVisualStudioVersion = 10.0.40219.1
Project("{FAE04EC0-301F-11D3-BF4B-00C04F79EFBC}") = "EFCCRUDAPP3", "EFCCRUDAPP3\EFCCRUDAPP3.csproj", "{A9C0547E-5EE1-4F36-9B79-1E4EDBA86606}"
EndProject
Global
	GlobalSection(SolutionConfigurationPlatforms) = preSolution
		Debug|Any CPU = Debug|Any CPU
		Release|Any CPU = Release|Any CPU
	EndGlobalSection
	GlobalSection(ProjectConfigurationPlatforms) = postSolution
		{A9C0547E-5EE1-4F36-9B79-1E4EDBA86606}.Debug|Any CPU.ActiveCfg = Debug|Any CPU
		{A9C0547E-5EE1-4F36-9B79-1E4EDBA86606}.Debug|Any CPU.Build.0 = Debug|Any CPU
		{A9C0547E-5EE1-4F36-9B79-1E4EDBA86606}.Release|Any CPU.ActiveCfg = Release|Any CPU
		{A9C0547E-5EE1-4F36-9B79-1E4EDBA86606}.Release|Any CPU.Build.0 = Release|Any CPU
	EndGlobalSection
	GlobalSection(SolutionProperties) = preSolution
		HideSolutionNode = FALSE
	EndGlobalSection
	GlobalSection(ExtensibilityGlobals) = postSolution
		SolutionGuid = {A610A2ED-1EF6-4BF4-B850-2A8921EB3058}
	EndGlobalSection
EndGlobal
